
Microsoft Visual Studio Solution File, Format Version 12.00
# Visual Studio 15
VisualStudioVersion = 15.0.27703.2026
MinimumVisualStudioVersion = 10.0.40219.1
Project("{FAE04EC0-301F-11D3-BF4B-00C04F79EFBC}") = "Consumer", "Consumer\Consumer.csproj", "{D91C6D90-1B14-4481-B67B-1E8048CC3A4F}"
EndProject
Global
	GlobalSection(SolutionConfigurationPlatforms) = preSolution
		Debug|Any CPU = Debug|Any CPU
		Release|Any CPU = Release|Any CPU
	EndGlobalSection
	GlobalSection(ProjectConfigurationPlatforms) = postSolution
		{D91C6D90-1B14-4481-B67B-1E8048CC3A4F}.Debug|Any CPU.ActiveCfg = Debug|Any CPU
		{D91C6D90-1B14-4481-B67B-1E8048CC3A4F}.Debug|Any CPU.Build.0 = Debug|Any CPU
		{D91C6D90-1B14-4481-B67B-1E8048CC3A4F}.Release|Any CPU.ActiveCfg = Release|Any CPU
		{D91C6D90-1B14-4481-B67B-1E8048CC3A4F}.Release|Any CPU.Build.0 = Release|Any CPU
	EndGlobalSection
	GlobalSection(SolutionProperties) = preSolution
		HideSolutionNode = FALSE
	EndGlobalSection
	GlobalSection(ExtensibilityGlobals) = postSolution
		SolutionGuid = {5BFD6385-C9AD-4BFA-8E53-4FBD1F17EBCF}
	EndGlobalSection
EndGlobal
